GEM
  remote: https://rubygems.org/
  specs:
    actionview (7.0.10)
      activesupport (= 7.0.10)
      builder (~> 3.1)
      erubi (~> 1.4)
      rails-dom-testing (~> 2.0)
      rails-html-sanitizer (~> 1.1, >= 1.2.0)
    activemodel (7.0.10)
      activesupport (= 7.0.10)
    activerecord (7.0.10)
      activemodel (= 7.0.10)
      activesupport (= 7.0.10)
    activesupport (7.0.10)
      base64
      benchmark (>= 0.3)
      bigdecimal
      concurrent-ruby (~> 1.0, >= 1.0.2)
      drb
      i18n (>= 1.6, < 2)
      logger (>= 1.4.2)
      minitest (>= 5.1)
      mutex_m
      securerandom (>= 0.3)
      tzinfo (~> 2.0)
    addressable (2.7.0)
      public_suffix (>= 2.0.2, < 5.0)
    ast (2.4.3)
    base64 (0.3.0)
    bcrypt (3.1.16)
    benchmark (0.5.0)
    bigdecimal (3.3.1)
    builder (3.3.0)
    capybara (3.35.3)
      addressable
      mini_mime (>= 0.1.3)
      nokogiri (~> 1.8)
      rack (>= 1.6.0)
      rack-test (>= 0.6.3)
      regexp_parser (>= 1.5, < 3.0)
      xpath (~> 3.2)
    childprocess (3.0.0)
    chronic (0.10.2)
    coderay (1.1.3)
    concurrent-ruby (1.1.9)
    crack (1.0.1)
      bigdecimal
      rexml
    crass (1.0.6)
    diff-lcs (1.6.2)
    domain_name (0.6.20240107)
    dotenv (2.7.6)
    drb (2.2.3)
    dry-configurable (0.16.1)
      dry-core (~> 0.6)
      zeitwerk (~> 2.6)
    dry-container (0.11.0)
      concurrent-ruby (~> 1.0)
    dry-core (0.9.1)
      concurrent-ruby (~> 1.0)
      zeitwerk (~> 2.6)
    dry-equalizer (0.3.0)
    dry-inflector (0.3.0)
    dry-initializer (3.2.0)
    dry-logic (1.3.0)
      concurrent-ruby (~> 1.0)
      dry-core (~> 0.9, >= 0.9)
      zeitwerk (~> 2.6)
    dry-schema (1.11.3)
      concurrent-ruby (~> 1.0)
      dry-configurable (~> 0.16, >= 0.16)
      dry-core (~> 0.9, >= 0.9)
      dry-initializer (~> 3.0)
      dry-logic (~> 1.3)
      dry-types (~> 1.6)
      zeitwerk (~> 2.6)
    dry-struct (1.4.0)
      dry-core (~> 0.5, >= 0.5)
      dry-types (~> 1.5)
      ice_nine (~> 0.11)
    dry-types (1.6.1)
      concurrent-ruby (~> 1.0)
      dry-container (~> 0.3)
      dry-core (~> 0.9, >= 0.9)
      dry-inflector (~> 0.1, >= 0.1.2)
      dry-logic (~> 1.3, >= 1.3)
      zeitwerk (~> 2.6)
    dry-validation (1.6.0)
      concurrent-ruby (~> 1.0)
      dry-container (~> 0.7, >= 0.7.1)
      dry-core (~> 0.4)
      dry-equalizer (~> 0.2)
      dry-initializer (~> 3.0)
      dry-schema (~> 1.5, >= 1.5.2)
    erubi (1.13.1)
    ethon (0.14.0)
      ffi (>= 1.15.0)
    faraday (1.7.0)
      faraday-em_http (~> 1.0)
      faraday-em_synchrony (~> 1.0)
      faraday-excon (~> 1.1)
      faraday-httpclient (~> 1.0.1)
      faraday-net_http (~> 1.0)
      faraday-net_http_persistent (~> 1.1)
      faraday-patron (~> 1.0)
      faraday-rack (~> 1.0)
      multipart-post (>= 1.2, < 3)
      ruby2_keywords (>= 0.0.4)
    faraday-em_http (1.0.0)
    faraday-em_synchrony (1.0.1)
    faraday-excon (1.1.0)
    faraday-httpclient (1.0.1)
    faraday-net_http (1.0.2)
    faraday-net_http_persistent (1.2.0)
    faraday-patron (1.0.0)
    faraday-rack (1.0.0)
    ffi (1.15.3)
    haml (5.2.2)
      temple (>= 0.8.0)
      tilt
    hashdiff (1.2.1)
    highline (2.0.3)
    http-accept (1.7.0)
    http-cookie (1.1.0)
      domain_name (~> 0.5)
    httparty (0.18.1)
      mime-types (~> 3.0)
      multi_xml (>= 0.5.2)
    i18n (1.14.8)
      concurrent-ruby (~> 1.0)
    ice_nine (0.11.2)
    json (2.1.0)
    jwt (2.2.3)
    kaminari (1.2.1)
      activesupport (>= 4.1.0)
      kaminari-actionview (= 1.2.1)
      kaminari-activerecord (= 1.2.1)
      kaminari-core (= 1.2.1)
    kaminari-actionview (1.2.1)
      actionview
      kaminari-core (= 1.2.1)
    kaminari-activerecord (1.2.1)
      activerecord
      kaminari-core (= 1.2.1)
    kaminari-core (1.2.1)
    logger (1.7.0)
    loofah (2.21.1)
      crass (~> 1.0.2)
      nokogiri (>= 1.5.9)
    marcel (1.0.1)
    method_source (1.1.0)
    mime-types (3.7.0)
      logger
      mime-types-data (~> 3.2025, >= 3.2025.0507)
    mime-types-data (3.2026.0331)
    mini_mime (1.1.5)
    mini_portile2 (2.5.3)
    minitest (6.0.3)
      drb (~> 2.0)
      prism (~> 1.5)
    money (6.16.0)
      i18n (>= 0.6.4, <= 2)
    msgpack (1.4.2)
    multi_xml (0.8.1)
      bigdecimal (>= 3.1, < 5)
    multipart-post (2.4.1)
    mustermann (1.1.2)
      ruby2_keywords (~> 0.0.1)
    mutex_m (0.3.0)
    netrc (0.11.0)
    nio4r (2.7.5)
    nokogiri (1.11.7)
      mini_portile2 (~> 2.5.0)
      racc (~> 1.4)
    oj (3.12.0)
    parallel (1.20.1)
    parser (3.3.11.1)
      ast (~> 2.4.1)
      racc
    pastel (0.8.0)
      tty-color (~> 0.5)
    pdf-core (0.9.0)
    pg (1.2.3)
    prawn (2.4.0)
      pdf-core (~> 0.9.0)
      ttfunk (~> 1.7)
    prism (1.9.0)
    pry (0.14.1)
      coderay (~> 1.1)
      method_source (~> 1.0)
    public_suffix (4.0.7)
    puma (5.3.2)
      nio4r (~> 2.0)
    racc (1.8.1)
    rack (2.2.3)
    rack-protection (2.1.0)
      rack
    rack-test (2.2.0)
      rack (>= 1.3)
    rails-dom-testing (2.3.0)
      activesupport (>= 5.0.0)
      minitest
      nokogiri (>= 1.6)
    rails-html-sanitizer (1.5.0)
      loofah (~> 2.19, >= 2.19.1)
    rainbow (3.0.0)
    redis (4.3.1)
    regexp_parser (2.11.3)
    rest-client (2.1.0)
      http-accept (>= 1.7.0, < 2.0)
      http-cookie (>= 1.0.2, < 2.0)
      mime-types (>= 1.16, < 4.0)
      netrc (~> 0.8)
    rexml (3.4.4)
    roda (3.46.0)
      rack
    rspec (3.10.0)
      rspec-core (~> 3.10.0)
      rspec-expectations (~> 3.10.0)
      rspec-mocks (~> 3.10.0)
    rspec-core (3.10.2)
      rspec-support (~> 3.10.0)
    rspec-expectations (3.10.2)
      diff-lcs (>= 1.2.0, < 2.0)
      rspec-support (~> 3.10.0)
    rspec-mocks (3.10.3)
      diff-lcs (>= 1.2.0, < 2.0)
      rspec-support (~> 3.10.0)
    rspec-support (3.10.3)
    rubocop (1.18.3)
      parallel (~> 1.10)
      parser (>= 3.0.0.0)
      rainbow (>= 2.2.2, < 4.0)
      regexp_parser (>= 1.8, < 3.0)
      rexml
      rubocop-ast (>= 1.7.0, < 2.0)
      ruby-progressbar (~> 1.7)
      unicode-display_width (>= 1.4.0, < 3.0)
    rubocop-ast (1.49.1)
      parser (>= 3.3.7.2)
      prism (~> 1.7)
    ruby-progressbar (1.13.0)
    ruby2_keywords (0.0.5)
    rubyzip (1.3.0)
    securerandom (0.4.1)
    selenium-webdriver (3.142.7)
      childprocess (>= 0.5, < 4.0)
      rubyzip (>= 1.2.2)
    sequel (5.47.0)
    sinatra (2.1.0)
      mustermann (~> 1.0)
      rack (~> 2.2)
      rack-protection (= 2.1.0)
      tilt (~> 2.0)
    slim (4.1.0)
      temple (>= 0.7.6, < 0.9)
      tilt (>= 2.0.6, < 2.1)
    temple (0.8.2)
    thor (1.1.0)
    tilt (2.0.11)
    ttfunk (1.8.0)
      bigdecimal (~> 3.1)
    tty-color (0.6.0)
    tty-cursor (0.7.1)
    tty-prompt (0.23.1)
      pastel (~> 0.8)
      tty-reader (~> 0.8)
    tty-reader (0.9.0)
      tty-cursor (~> 0.7)
      tty-screen (~> 0.8)
      wisper (~> 2.0)
    tty-screen (0.8.2)
    typhoeus (1.4.0)
      ethon (>= 0.9.0)
    tzinfo (2.0.4)
      concurrent-ruby (~> 1.0)
    unicode-display_width (2.6.0)
    webmock (3.13.0)
      addressable (>= 2.3.6)
      crack (>= 0.3.2)
      hashdiff (>= 0.4.0, < 2.0.0)
    whenever (1.0.0)
      chronic (>= 0.6.3)
    wisper (2.0.1)
    xpath (3.2.0)
      nokogiri (~> 1.8)
    yard (0.9.26)
    zeitwerk (2.7.5)

PLATFORMS
  arm64-darwin-25
  ruby

DEPENDENCIES
  addressable (= 2.7.0)
  bcrypt (= 3.1.16)
  capybara (= 3.35.3)
  chronic (= 0.10.2)
  concurrent-ruby (= 1.1.9)
  dotenv (= 2.7.6)
  dry-struct (= 1.4.0)
  dry-validation (= 1.6.0)
  ethon (= 0.14.0)
  faraday (= 1.7.0)
  ffi (= 1.15.3)
  haml (= 5.2.2)
  highline (= 2.0.3)
  httparty (= 0.18.1)
  json (= 2.1.0)
  jwt (= 2.2.3)
  kaminari (= 1.2.1)
  marcel (= 1.0.1)
  money (= 6.16.0)
  msgpack (= 1.4.2)
  nokogiri (= 1.11.7)
  oj (= 3.12.0)
  parallel (= 1.20.1)
  pg (= 1.2.3)
  prawn (= 2.4.0)
  pry (= 0.14.1)
  puma (= 5.3.2)
  rack (= 2.2.3)
  rainbow (= 3.0.0)
  redis (= 4.3.1)
  rest-client (= 2.1.0)
  roda (= 3.46.0)
  rspec (= 3.10.0)
  rubocop (= 1.18.3)
  rubyzip (= 1.3.0)
  selenium-webdriver (= 3.142.7)
  sequel (= 5.47.0)
  sinatra (= 2.1.0)
  slim (= 4.1.0)
  thor (= 1.1.0)
  tty-prompt (= 0.23.1)
  typhoeus (= 1.4.0)
  tzinfo (= 2.0.4)
  webmock (= 3.13.0)
  whenever (= 1.0.0)
  yard (= 0.9.26)

CHECKSUMS
  actionview (7.0.10) sha256=e5a9475ccfcde80dddf7ced701f44aedc4f8262286051db84ae2c48322ec000e
  activemodel (7.0.10) sha256=e2e1e0a4664b69606363e9f6f59afadeab6fa8843c5fb73cd037bb72a40fa498
  activerecord (7.0.10) sha256=63bc193d4c6944d85f53255362b67269d246a51bd664e09b1aa2cecfe5288c9a
  activesupport (7.0.10) sha256=01487b0774045918b36893af4f012986db8375f6c5850c0ffc75b940ede72305
  addressable (2.7.0) sha256=5e9b62fe1239091ea9b2893cd00ffe1bcbdd9371f4e1d35fac595c98c5856cbb
  ast (2.4.3) sha256=954615157c1d6a382bc27d690d973195e79db7f55e9765ac7c481c60bdb4d383
  base64 (0.3.0) sha256=27337aeabad6ffae05c265c450490628ef3ebd4b67be58257393227588f5a97b
  bcrypt (3.1.16) sha256=0b8bf031ba81aa76c0f10c5a8dac779b6035d84b09af1dbb2b1a32a7e360210b
  benchmark (0.5.0) sha256=465df122341aedcb81a2a24b4d3bd19b6c67c1530713fd533f3ff034e419236c
  bigdecimal (3.3.1) sha256=eaa01e228be54c4f9f53bf3cc34fe3d5e845c31963e7fcc5bedb05a4e7d52218
  builder (3.3.0) sha256=497918d2f9dca528fdca4b88d84e4ef4387256d984b8154e9d5d3fe5a9c8835f
  capybara (3.35.3) sha256=3389f8203b05175352b763f4d04c31b29ba606a96224649ac42ef967f56538ee
  childprocess (3.0.0) sha256=4579a87cdc962de252eebf1482a4185fad383ae7dbe29a746ba2be8e261280c5
  chronic (0.10.2) sha256=766f2fcce6ac3cc152249ed0f2b827770d3e517e2e87c5fba7ed74f4889d2dc3
  coderay (1.1.3) sha256=dc530018a4684512f8f38143cd2a096c9f02a1fc2459edcfe534787a7fc77d4b
  concurrent-ruby (1.1.9) sha256=0ec0846d991c38f355b4228ad8ea77aa69c3fdaa320cd574dafedc10c4688a5b
  crack (1.0.1) sha256=ff4a10390cd31d66440b7524eb1841874db86201d5b70032028553130b6d4c7e
  crass (1.0.6) sha256=dc516022a56e7b3b156099abc81b6d2b08ea1ed12676ac7a5657617f012bd45d
  diff-lcs (1.6.2) sha256=9ae0d2cba7d4df3075fe8cd8602a8604993efc0dfa934cff568969efb1909962
  domain_name (0.6.20240107) sha256=5f693b2215708476517479bf2b3802e49068ad82167bcd2286f899536a17d933
  dotenv (2.7.6) sha256=2451ed5e8e43776d7a787e51d6f8903b98e446146c7ad143d5678cc2c409d547
  drb (2.2.3) sha256=0b00d6fdb50995fe4a45dea13663493c841112e4068656854646f418fda13373
  dry-configurable (0.16.1) sha256=b43e33bf5ebbff95c16b6c6951f5336757ed86dd60d72ccc1d228d91f38ca152
  dry-container (0.11.0) sha256=23be9381644d47343f3bf13b082b4255994ada0bfd88e0737eaaadc99d035229
  dry-core (0.9.1) sha256=a6985af9faf73291a0b9c5637c9e760e765b3e9385ceeab5645ff410664bf5b6
  dry-equalizer (0.3.0) sha256=866c9245b98280696ee7799f14e0c89d19d0afe890832aaf914649f9c0bc5867
  dry-inflector (0.3.0) sha256=11a8c75d970c7c9d71f044030fb5e1a071bca17edcdfc717ca483d1f7aef80e7
  dry-initializer (3.2.0) sha256=37d59798f912dc0a1efe14a4db4a9306989007b302dcd5f25d0a2a20c166c4e3
  dry-logic (1.3.0) sha256=da97310e30d85dbce66ed6a0abd1a184a4dcf88c47c45f41e3701d5b6471338a
  dry-schema (1.11.3) sha256=22c226302d01f2faf9c3576d9992934c3b93cc480289274ec23426a4f82c5270
  dry-struct (1.4.0) sha256=63c1ac6c11ee70a893212d84fd45d167588943bf00c09bbbe5dddb5a2a0f4cf3
  dry-types (1.6.1) sha256=1e37383746b40bf487c604ea505ee207dba5e626851cde31822670780681eb76
  dry-validation (1.6.0) sha256=82ab1d9c5c5c337c43c9a919417331dc883c975f0f3ce83a12acfed8e6596d82
  erubi (1.13.1) sha256=a082103b0885dbc5ecf1172fede897f9ebdb745a4b97a5e8dc63953db1ee4ad9
  ethon (0.14.0) sha256=10e267a39d7e2a92d944e5681ba46dbd211b5b5b6cf9b51afb769b8417247ead
  faraday (1.7.0) sha256=6bbb2f4d0bb19cbc13b85012f7402572af25541363b20d8694a62fbdbd98d164
  faraday-em_http (1.0.0) sha256=7a3d4c7079789121054f57e08cd4ef7e40ad1549b63101f38c7093a9d6c59689
  faraday-em_synchrony (1.0.1) sha256=bf3ce45dcf543088d319ab051f80985ea6d294930635b7a0b966563179f81750
  faraday-excon (1.1.0) sha256=b055c842376734d7f74350fe8611542ae2000c5387348d9ba9708109d6e40940
  faraday-httpclient (1.0.1) sha256=4c8ff1f0973ff835be8d043ef16aaf54f47f25b7578f6d916deee8399a04d33b
  faraday-net_http (1.0.2) sha256=63992efea42c925a20818cf3c0830947948541fdcf345842755510d266e4c682
  faraday-net_http_persistent (1.2.0) sha256=0b0cbc8f03dab943c3e1cc58d8b7beb142d9df068b39c718cd83e39260348335
  faraday-patron (1.0.0) sha256=dc2cd7b340bb3cc8e36bcb9e6e7eff43d134b6d526d5f3429c7a7680ddd38fa7
  faraday-rack (1.0.0) sha256=ef60ec969a2bb95b8dbf24400155aee64a00fc8ba6c6a4d3968562bcc92328c0
  ffi (1.15.3) sha256=98d5c5c4281c9c0466acc60cf0e79124bf3c311417fd97e7473e41722953fbf1
  haml (5.2.2) sha256=6e759246556145642ef832d670fc06f9bd8539159a0e600847a00291dd7aae0c
  hashdiff (1.2.1) sha256=9c079dbc513dfc8833ab59c0c2d8f230fa28499cc5efb4b8dd276cf931457cd1
  highline (2.0.3) sha256=2ddd5c127d4692721486f91737307236fe005352d12a4202e26c48614f719479
  http-accept (1.7.0) sha256=c626860682bfbb3b46462f8c39cd470fd7b0584f61b3cc9df5b2e9eb9972a126
  http-cookie (1.1.0) sha256=38a5e60d1527eebc396831b8c4b9455440509881219273a6c99943d29eadbb19
  httparty (0.18.1) sha256=878fe8038e344b219dbba9e20c442914a2be251d2f4a20bcdeb31f25dcb2f79d
  i18n (1.14.8) sha256=285778639134865c5e0f6269e0b818256017e8cde89993fdfcbfb64d088824a5
  ice_nine (0.11.2) sha256=5d506a7d2723d5592dc121b9928e4931742730131f22a1a37649df1c1e2e63db
  json (2.1.0) sha256=b76fd09b881088c6c64a12721a1528f2f747a1c2ee52fab4c1f60db8af946607
  jwt (2.2.3) sha256=da2d43a5f7ff46037abd426574ce558adf1409ac83f09a88aee58804982bd10c
  kaminari (1.2.1) sha256=03b26388ebb732b708e40b4f1d858c4cbc58d7cb18d12eeb9364176f23c3b3ef
  kaminari-actionview (1.2.1) sha256=31a3dc6955e7dff95f6133e1f4c03b9dec36d714b632330034ee51b33d0c1770
  kaminari-activerecord (1.2.1) sha256=8327823ddf8a8e059ce10d9da0c784ef44d5323e9f6d53054e03d26876efc50a
  kaminari-core (1.2.1) sha256=9ff2f0fa5a454731943a847bbd9960f0b9f859dd6910df5f40d6c9e049660440
  logger (1.7.0) sha256=196edec7cc44b66cfb40f9755ce11b392f21f7967696af15d274dde7edff0203
  loofah (2.21.1) sha256=f8e1584c56195e7b6139d53c50d6d9cf1adbc5997a7f4e60a3e23095c4900765
  marcel (1.0.1) sha256=037769de6c9a982b21f35b0d7d38111aba8b760c785c8d1451da1e646e00e02e
  method_source (1.1.0) sha256=181301c9c45b731b4769bc81e8860e72f9161ad7d66dd99103c9ab84f560f5c5
  mime-types (3.7.0) sha256=dcebf61c246f08e15a4de34e386ebe8233791e868564a470c3fe77c00eed5e56
  mime-types-data (3.2026.0331) sha256=e9942b1fac72532e2b201b0c32c52e7650ef5ef8ca043a5054674597795c97a5
  mini_mime (1.1.5) sha256=8681b7e2e4215f2a159f9400b5816d85e9d8c6c6b491e96a12797e798f8bccef
  mini_portile2 (2.5.3) sha256=d348a0cbbbfc11fa6d955ac6e9e74fc307b91a117745c2ff090eb09c22ada0a9
  minitest (6.0.3) sha256=88ac8a1de36c00692420e7cb3cc11a0773bbcb126aee1c249f320160a7d11411
  money (6.16.0) sha256=cf476f5f19188e247ec20f6509cff64dc35d395ee018bad799b1a9ea8bd4754a
  msgpack (1.4.2) sha256=86e5de5bd6dc1cf8bfb41dbada562a7370c20983018eec89bd3b830ebd942a1a
  multi_xml (0.8.1) sha256=addba0290bac34e9088bfe73dc4878530297a82a7bbd66cb44dcd0a4b86edf5a
  multipart-post (2.4.1) sha256=9872d03a8e552020ca096adadbf5e3cb1cd1cdd6acd3c161136b8a5737cdb4a8
  mustermann (1.1.2) sha256=7b64de2f39ae6b623b6d4f7d2ced10d3442817ca9bb6200cf7bff3b9f6447b7e
  mutex_m (0.3.0) sha256=cfcb04ac16b69c4813777022fdceda24e9f798e48092a2b817eb4c0a782b0751
  netrc (0.11.0) sha256=de1ce33da8c99ab1d97871726cba75151113f117146becbe45aa85cb3dabee3f
  nio4r (2.7.5) sha256=6c90168e48fb5f8e768419c93abb94ba2b892a1d0602cb06eef16d8b7df1dca1
  nokogiri (1.11.7) sha256=4976a9c9e796527d51dc6c311b9bd93a0233f6a7962a0f569aa5c782461836ef
  oj (3.12.0) sha256=8cf59602b7555d79e4ab5607a8c81b36eb1abd991f063c68ea39bb295dda3d88
  parallel (1.20.1) sha256=ed4faec4498bf921e10ac8683ed5840d91e2f307c26f8e24f8d8ae58415ea500
  parser (3.3.11.1) sha256=d17ace7aabe3e72c3cc94043714be27cc6f852f104d81aa284c2281aecc65d54
  pastel (0.8.0) sha256=481da9fb7d2f6e6b1a08faf11fa10363172dc40fd47848f096ae21209f805a75
  pdf-core (0.9.0) sha256=4f368b2f12b57ec979872d4bf4bd1a67e8648e0c81ab89801431d2fc89f4e0bb
  pg (1.2.3) sha256=f2e71e101eb7fc297222fa9a277a89a9686729a8dfa416d46408e696b5cfae8e
  prawn (2.4.0) sha256=82062744f7126c2d77501da253a154271790254dfa8c309b8e52e79bc5de2abd
  prism (1.9.0) sha256=7b530c6a9f92c24300014919c9dcbc055bf4cdf51ec30aed099b06cd6674ef85
  pry (0.14.1) sha256=99b6df0665875dd5a39d85e0150aa5a12e2bb4fef401b6c4f64d32ee502f8454
  public_suffix (4.0.7) sha256=8be161e2421f8d45b0098c042c06486789731ea93dc3a896d30554ee38b573b8
  puma (5.3.2) sha256=b2cae63b9758d4750aae0db820844b03dca206c53c20855049f514a10ac0aa52
  racc (1.8.1) sha256=4a7f6929691dbec8b5209a0b373bc2614882b55fc5d2e447a21aaa691303d62f
  rack (2.2.3) sha256=2638e7eb6689a5725c7e16f30cc4aa4e31694dc3ca30d790952526781bd0bb44
  rack-protection (2.1.0) sha256=1f523c16e5b32f139c8f6f1e3b3eb53aaa7a69bc79a30f3e80f8a93c89242a95
  rack-test (2.2.0) sha256=005a36692c306ac0b4a9350355ee080fd09ddef1148a5f8b2ac636c720f5c463
  rails-dom-testing (2.3.0) sha256=8acc7953a7b911ca44588bf08737bc16719f431a1cc3091a292bca7317925c1d
  rails-html-sanitizer (1.5.0) sha256=bf326075e8a968cd882c30b15a4c9100059be3af2356093dc68324ec3bd9ea79
  rainbow (3.0.0) sha256=13ce4ffc3c94fb7a842117ecabdcdc5ff7fa27bec15ea44137b9f9abe575622d
  redis (4.3.1) sha256=b3d0006d8a9b6923195dc330c02eea5aee10a5054a85a619c0b35e3797b9fd14
  regexp_parser (2.11.3) sha256=ca13f381a173b7a93450e53459075c9b76a10433caadcb2f1180f2c741fc55a4
  rest-client (2.1.0) sha256=35a6400bdb14fae28596618e312776c158f7ebbb0ccad752ff4fa142bf2747e3
  rexml (3.4.4) sha256=19e0a2c3425dfbf2d4fc1189747bdb2f849b6c5e74180401b15734bc97b5d142
  roda (3.46.0) sha256=fc114794f117bb9c85bc322695d8b52997211564a3e12457fd8bcec489298f82
  rspec (3.10.0) sha256=b870b43d49ae4a4e063b94976d2742b0854ec10458c425d569b5556ee5898ab7
  rspec-core (3.10.2) sha256=005659ce9dd356dd5d2acb4bcdcc5915291f4a312447b500af3b75aab564951b
  rspec-expectations (3.10.2) sha256=fa9fdf7e7bf2e5e5b3143b2b18fea05e209406d96b92a9a722753426931432e3
  rspec-mocks (3.10.3) sha256=d2f6f3d8b7569b1e846703d164cb23e24c7f530d38217fc06da2beaf6024260a
  rspec-support (3.10.3) sha256=65c88f8cbe579461f411097682e6402960eae327eef08e86ef581b8c609e4c5e
  rubocop (1.18.3) sha256=3d68b45c160faab94cc544f94d31c0625305ee5faf49415c49edfaa9a9cab110
  rubocop-ast (1.49.1) sha256=4412f3ee70f6fe4546cc489548e0f6fcf76cafcfa80fa03af67098ffed755035
  ruby-progressbar (1.13.0) sha256=80fc9c47a9b640d6834e0dc7b3c94c9df37f08cb072b7761e4a71e22cff29b33
  ruby2_keywords (0.0.5) sha256=ffd13740c573b7301cf7a2e61fc857b2a8e3d3aff32545d6f8300d8bae10e3ef
  rubyzip (1.3.0) sha256=149dd90386c5eef837353b21cd9a0cfd4ec5a07b24ab18f734f546cefb17ace3
  securerandom (0.4.1) sha256=cc5193d414a4341b6e225f0cb4446aceca8e50d5e1888743fac16987638ea0b1
  selenium-webdriver (3.142.7) sha256=dea0993e0e4fdb364f0453144814c0e6099a411d17396807c6cac666d0ddac29
  sequel (5.47.0) sha256=7fc8fdf048698dc4a5fd1a8f996bef1285b6d729f4a4e17939ea0d368984f50e
  sinatra (2.1.0) sha256=f323e4446f3e2a132dcaaa134f89caddb29dd88370317f4f32faf5797f1ea535
  slim (4.1.0) sha256=d60cfb94e489a781d834e5ed7ab60182accd747ca72d31dec70231821e185d3e
  temple (0.8.2) sha256=c12071214346c606dbd219b4117276d04a9f2c20d65e66a66b2c4ec18efc1f18
  thor (1.1.0) sha256=cacae12a3761be4ccbe63be19261352b108f86c721c37d87664328efeaa6d0a3
  tilt (2.0.11) sha256=7b180fc472cbdeb186c85d31c0f2d1e61a2c0d77e1d9fd0ca28482a9d972d6a0
  ttfunk (1.8.0) sha256=a7cbc7e489cc46e979dde04d34b5b9e4f5c8f1ee5fc6b1a7be39b829919d20ca
  tty-color (0.6.0) sha256=6f9c37ca3a4e2367fb2e6d09722762647d6f455c111f05b59f35730eeb24332a
  tty-cursor (0.7.1) sha256=79534185e6a777888d88628b14b6a1fdf5154a603f285f80b1753e1908e0bf48
  tty-prompt (0.23.1) sha256=fcdbce905238993f27eecfdf67597a636bc839d92192f6a0eef22b8166449ec8
  tty-reader (0.9.0) sha256=c62972c985c0b1566f0e56743b6a7882f979d3dc32ff491ed490a076f899c2b1
  tty-screen (0.8.2) sha256=c090652115beae764336c28802d633f204fb84da93c6a968aa5d8e319e819b50
  typhoeus (1.4.0) sha256=fff9880d5dc35950e7706cf132fd297f377c049101794be1cf01c95567f642d4
  tzinfo (2.0.4) sha256=9fd0906c2409f729e90c78695e1001fa28f2fa72faa5ad2f6074c3e44e2f1783
  unicode-display_width (2.6.0) sha256=12279874bba6d5e4d2728cef814b19197dbb10d7a7837a869bab65da943b7f5a
  webmock (3.13.0) sha256=49eb3647194733e0208398bfaded95d4cf3d90a33538a51ded87284f5a54a57d
  whenever (1.0.0) sha256=d9b71417c43960f5eb125b77207174cba4691091cedae0d282a29cfc72eaa246
  wisper (2.0.1) sha256=ce17bc5c3a166f241a2e6613848b025c8146fce2defba505920c1d1f3f88fae6
  xpath (3.2.0) sha256=6dfda79d91bb3b949b947ecc5919f042ef2f399b904013eb3ef6d20dd3a4082e
  yard (0.9.26) sha256=30594aa05cf737aa725c73444c7be3d54a443d0e258e1503da4eb1a0822cf963
  zeitwerk (2.7.5) sha256=d8da92128c09ea6ec62c949011b00ed4a20242b255293dd66bf41545398f73dd

BUNDLED WITH
  4.0.3
